
Microsoft Visual Studio Solution File, Format Version 12.00
# Visual Studio Version 16
VisualStudioVersion = 16.0.30621.155
MinimumVisualStudioVersion = 10.0.40219.1
Project("{FAE04EC0-301F-11D3-BF4B-00C04F79EFBC}") = "PXUK16.Web", "PXUK16.Web.csproj", "{9C351A91-1C58-4F12-974C-739120D9B82A}"
EndProject
Global
	GlobalSection(SolutionConfigurationPlatforms) = preSolution
		Debug|Any CPU = Debug|Any CPU
		Release|Any CPU = Release|Any CPU
	EndGlobalSection
	GlobalSection(ProjectConfigurationPlatforms) = postSolution
		{9C351A91-1C58-4F12-974C-739120D9B82A}.Debug|Any CPU.ActiveCfg = Debug|Any CPU
		{9C351A91-1C58-4F12-974C-739120D9B82A}.Debug|Any CPU.Build.0 = Debug|Any CPU
		{9C351A91-1C58-4F12-974C-739120D9B82A}.Release|Any CPU.ActiveCfg = Release|Any CPU
		{9C351A91-1C58-4F12-974C-739120D9B82A}.Release|Any CPU.Build.0 = Release|Any CPU
	EndGlobalSection
	GlobalSection(SolutionProperties) = preSolution
		HideSolutionNode = FALSE
	EndGlobalSection
	GlobalSection(ExtensibilityGlobals) = postSolution
		SolutionGuid = {1BE9F6C1-D587-4039-80D1-0A9CE274ACF9}
	EndGlobalSection
EndGlobal
